Microsoft Visual Studio Solution File, Format Version 12.00
# Visual Studio Version 17
VisualStudioVersion = 17.5.2.0
MinimumVisualStudioVersion = 10.0.40219.1
Project("{FAE04EC0-301F-11D3-BF4B-00C04F79EFBC}") = "Senai_11.06.2026", "Senai_11.06.2026.csproj", "{722A65CD-81DA-B43E-EAD8-A367D9412CE9}"
EndProject
Global
	GlobalSection(SolutionConfigurationPlatforms) = preSolution
		Debug|Any CPU = Debug|Any CPU
		Release|Any CPU = Release|Any CPU
	EndGlobalSection
	GlobalSection(ProjectConfigurationPlatforms) = postSolution
		{722A65CD-81DA-B43E-EAD8-A367D9412CE9}.Debug|Any CPU.ActiveCfg = Debug|Any CPU
		{722A65CD-81DA-B43E-EAD8-A367D9412CE9}.Debug|Any CPU.Build.0 = Debug|Any CPU
		{722A65CD-81DA-B43E-EAD8-A367D9412CE9}.Release|Any CPU.ActiveCfg = Release|Any CPU
		{722A65CD-81DA-B43E-EAD8-A367D9412CE9}.Release|Any CPU.Build.0 = Release|Any CPU
	EndGlobalSection
	GlobalSection(SolutionProperties) = preSolution
		HideSolutionNode = FALSE
	EndGlobalSection
	GlobalSection(ExtensibilityGlobals) = postSolution
		SolutionGuid = {5772FE50-B8EC-422A-A591-434B26325319}
	EndGlobalSection
EndGlobal
